// !$*UTF8*$!
{
	archiveVersion = 1;
	classes = {
	};
	objectVersion = 54;
	objects = {

/* Begin PBXBuildFile section */
		0C80B921A6F3F58F76C31292 /* (null) in Frameworks */ = {isa = PBXBuildFile; };
		7BCAD8F72E8689ED09AA43DE /* libPods-wowsinfo-debug.a in Frameworks */ = {isa = PBXBuildFile; fileRef = 91C2EDCC608D13B394C6FB4E /* libPods-wowsinfo-debug.a */; };
		81AB9BB82411601600AC10FF /* LaunchScreen.storyboard in Resources */ = {isa = PBXBuildFile; fileRef = 81AB9BB72411601600AC10FF /* LaunchScreen.storyboard */; };
		92224B4D2A98B5630021F111 /* Assets.xcassets in Resources */ = {isa = PBXBuildFile; fileRef = 9232578A2A98AF9C0053E5F6 /* Assets.xcassets */; };
		92224B4E2A98B5630021F111 /* Assets.xcassets in Resources */ = {isa = PBXBuildFile; fileRef = 9232578A2A98AF9C0053E5F6 /* Assets.xcassets */; };
		92224B512A98D4560021F111 /* String+Extension.swift in Sources */ = {isa = PBXBuildFile; fileRef = 92224B502A98D4560021F111 /* String+Extension.swift */; };
		92224B522A98D4560021F111 /* String+Extension.swift in Sources */ = {isa = PBXBuildFile; fileRef = 92224B502A98D4560021F111 /* String+Extension.swift */; };
		92224B552A98D58B0021F111 /* SetupViewModel.swift in Sources */ = {isa = PBXBuildFile; fileRef = 92224B542A98D58B0021F111 /* SetupViewModel.swift */; };
		92224B562A98D58B0021F111 /* SetupViewModel.swift in Sources */ = {isa = PBXBuildFile; fileRef = 92224B542A98D58B0021F111 /* SetupViewModel.swift */; };
		92224B592A98DB600021F111 /* DefaultServerUsecase.swift in Sources */ = {isa = PBXBuildFile; fileRef = 92224B582A98DB600021F111 /* DefaultServerUsecase.swift */; };
		92224B5A2A98DB600021F111 /* DefaultServerUsecase.swift in Sources */ = {isa = PBXBuildFile; fileRef = 92224B582A98DB600021F111 /* DefaultServerUsecase.swift */; };
		92224B5D2A98DC540021F111 /* GameServer.swift in Sources */ = {isa = PBXBuildFile; fileRef = 92224B5C2A98DC540021F111 /* GameServer.swift */; };
		92224B5E2A98DC540021F111 /* GameServer.swift in Sources */ = {isa = PBXBuildFile; fileRef = 92224B5C2A98DC540021F111 /* GameServer.swift */; };
		923257B22A98B0D00053E5F6 /* ReactNativeManager.swift in Sources */ = {isa = PBXBuildFile; fileRef = 92C72AEA2A962F000056AD82 /* ReactNativeManager.swift */; };
		923257B32A98B0D00053E5F6 /* QuickActionEventEmitter.m in Sources */ = {isa = PBXBuildFile; fileRef = 92C72AED2A962F000056AD82 /* QuickActionEventEmitter.m */; };
		923257B42A98B0D00053E5F6 /* QuickActionManager.m in Sources */ = {isa = PBXBuildFile; fileRef = 92C72AEE2A962F000056AD82 /* QuickActionManager.m */; };
		923257B52A98B0D00053E5F6 /* ReactNativeCaller.swift in Sources */ = {isa = PBXBuildFile; fileRef = 92553F252A987D49008EC8FC /* ReactNativeCaller.swift */; };
		923257B62A98B0D00053E5F6 /* SetupView.swift in Sources */ = {isa = PBXBuildFile; fileRef = 92553F2F2A988158008EC8FC /* SetupView.swift */; };
		923257B72A98B0D00053E5F6 /* AppDelegate.swift in Sources */ = {isa = PBXBuildFile; fileRef = 92C72AFC2A962F5D0056AD82 /* AppDelegate.swift */; };
		923257B82A98B0D00053E5F6 /* QuickActionManager.swift in Sources */ = {isa = PBXBuildFile; fileRef = 92C72AEC2A962F000056AD82 /* QuickActionManager.swift */; };
		923257B92A98B0D00053E5F6 /* RootViewController.swift in Sources */ = {isa = PBXBuildFile; fileRef = 92C72AFF2A96306E0056AD82 /* RootViewController.swift */; };
		923257BA2A98B0D00053E5F6 /* ReactNativeCaller.m in Sources */ = {isa = PBXBuildFile; fileRef = 92553F292A987D9F008EC8FC /* ReactNativeCaller.m */; };
		923257BB2A98B0D00053E5F6 /* ReactNativeManager.m in Sources */ = {isa = PBXBuildFile; fileRef = 92C72AE92A962F000056AD82 /* ReactNativeManager.m */; };
		923257BC2A98B0D00053E5F6 /* QuickActionEventEmitter.swift in Sources */ = {isa = PBXBuildFile; fileRef = 92C72AEF2A962F000056AD82 /* QuickActionEventEmitter.swift */; };
		923257C12A98B0D00053E5F6 /* LaunchScreen.storyboard in Resources */ = {isa = PBXBuildFile; fileRef = 81AB9BB72411601600AC10FF /* LaunchScreen.storyboard */; };
		923257C32A98B0D00053E5F6 /* Localizable.xcstrings in Resources */ = {isa = PBXBuildFile; fileRef = 92926A8F2A9786F200191FEC /* Localizable.xcstrings */; };
		92553F262A987D49008EC8FC /* ReactNativeCaller.swift in Sources */ = {isa = PBXBuildFile; fileRef = 92553F252A987D49008EC8FC /* ReactNativeCaller.swift */; };
		92553F2A2A987D9F008EC8FC /* ReactNativeCaller.m in Sources */ = {isa = PBXBuildFile; fileRef = 92553F292A987D9F008EC8FC /* ReactNativeCaller.m */; };
		92553F302A988158008EC8FC /* SetupView.swift in Sources */ = {isa = PBXBuildFile; fileRef = 92553F2F2A988158008EC8FC /* SetupView.swift */; };
		92926A902A9786F200191FEC /* Localizable.xcstrings in Resources */ = {isa = PBXBuildFile; fileRef = 92926A8F2A9786F200191FEC /* Localizable.xcstrings */; };
		92A539B32A998AE500A3B71B /* WoWsInfoView.swift in Sources */ = {isa = PBXBuildFile; fileRef = 92A539B22A998AE500A3B71B /* WoWsInfoView.swift */; };
		92A539B42A998AE500A3B71B /* WoWsInfoView.swift in Sources */ = {isa = PBXBuildFile; fileRef = 92A539B22A998AE500A3B71B /* WoWsInfoView.swift */; };
		92C72AF02A962F000056AD82 /* ReactNativeManager.m in Sources */ = {isa = PBXBuildFile; fileRef = 92C72AE92A962F000056AD82 /* ReactNativeManager.m */; };
		92C72AF22A962F000056AD82 /* ReactNativeManager.swift in Sources */ = {isa = PBXBuildFile; fileRef = 92C72AEA2A962F000056AD82 /* ReactNativeManager.swift */; };
		92C72AF42A962F000056AD82 /* QuickActionManager.swift in Sources */ = {isa = PBXBuildFile; fileRef = 92C72AEC2A962F000056AD82 /* QuickActionManager.swift */; };
		92C72AF62A962F000056AD82 /* QuickActionEventEmitter.m in Sources */ = {isa = PBXBuildFile; fileRef = 92C72AED2A962F000056AD82 /* QuickActionEventEmitter.m */; };
		92C72AF82A962F000056AD82 /* QuickActionManager.m in Sources */ = {isa = PBXBuildFile; fileRef = 92C72AEE2A962F000056AD82 /* QuickActionManager.m */; };
		92C72AFA2A962F000056AD82 /* QuickActionEventEmitter.swift in Sources */ = {isa = PBXBuildFile; fileRef = 92C72AEF2A962F000056AD82 /* QuickActionEventEmitter.swift */; };
		92C72AFD2A962F5D0056AD82 /* AppDelegate.swift in Sources */ = {isa = PBXBuildFile; fileRef = 92C72AFC2A962F5D0056AD82 /* AppDelegate.swift */; };
		92C72B002A96306E0056AD82 /* RootViewController.swift in Sources */ = {isa = PBXBuildFile; fileRef = 92C72AFF2A96306E0056AD82 /* RootViewController.swift */; };
		D0A56DCDBCDD05C70CE37224 /* (null) in Frameworks */ = {isa = PBXBuildFile; };
/* End PBXBuildFile section */

/* Begin PBXFileReference section */
		13B07F961A680F5B00A75B9A /* wowsinfo.app */ = {isa = PBXFileReference; explicitFileType = wrapper.application; includeInIndex = 0; path = wowsinfo.app; sourceTree = BUILT_PRODUCTS_DIR; };
		13B07FB61A68108700A75B9A /* Info.plist */ = {isa = PBXFileReference; fileEncoding = 4; lastKnownFileType = text.plist.xml; name = Info.plist; path = support/Info.plist; sourceTree = "<group>"; };
		388ADB2D89B17E2D670EC186 /* Pods-wowsinfo.debug.xcconfig */ = {isa = PBXFileReference; includeInIndex = 1; lastKnownFileType = text.xcconfig; name = "Pods-wowsinfo.debug.xcconfig"; path = "Target Support Files/Pods-wowsinfo/Pods-wowsinfo.debug.xcconfig"; sourceTree = "<group>"; };
		5B7EB9410499542E8C5724F5 /* Pods-wowsinfo-wowsinfoTests.debug.xcconfig */ = {isa = PBXFileReference; includeInIndex = 1; lastKnownFileType = text.xcconfig; name = "Pods-wowsinfo-wowsinfoTests.debug.xcconfig"; path = "Target Support Files/Pods-wowsinfo-wowsinfoTests/Pods-wowsinfo-wowsinfoTests.debug.xcconfig"; sourceTree = "<group>"; };
		62BC9D4810E163F4D27CCDA2 /* Pods-wowsinfo-debug.release.xcconfig */ = {isa = PBXFileReference; includeInIndex = 1; lastKnownFileType = text.xcconfig; name = "Pods-wowsinfo-debug.release.xcconfig"; path = "Target Support Files/Pods-wowsinfo-debug/Pods-wowsinfo-debug.release.xcconfig"; sourceTree = "<group>"; };
		6309FA9D9A4BF4413A44EE3A /* Pods-wowsinfotest.debug.xcconfig */ = {isa = PBXFileReference; includeInIndex = 1; lastKnownFileType = text.xcconfig; name = "Pods-wowsinfotest.debug.xcconfig"; path = "Target Support Files/Pods-wowsinfotest/Pods-wowsinfotest.debug.xcconfig"; sourceTree = "<group>"; };
		6D901F95CD4FCE7372A062B8 /* libPods-wowsinfotest.a */ = {isa = PBXFileReference; explicitFileType = archive.ar; includeInIndex = 0; path = "libPods-wowsinfotest.a"; sourceTree = BUILT_PRODUCTS_DIR; };
		808D29D51443D5B687BC971D /* Pods-wowsinfotest.release.xcconfig */ = {isa = PBXFileReference; includeInIndex = 1; lastKnownFileType = text.xcconfig; name = "Pods-wowsinfotest.release.xcconfig"; path = "Target Support Files/Pods-wowsinfotest/Pods-wowsinfotest.release.xcconfig"; sourceTree = "<group>"; };
		81AB9BB72411601600AC10FF /* LaunchScreen.storyboard */ = {isa = PBXFileReference; fileEncoding = 4; lastKnownFileType = file.storyboard; path = LaunchScreen.storyboard; sourceTree = "<group>"; };
		89C6BE57DB24E9ADA2F236DE /* Pods-wowsinfo-wowsinfoTests.release.xcconfig */ = {isa = PBXFileReference; includeInIndex = 1; lastKnownFileType = text.xcconfig; name = "Pods-wowsinfo-wowsinfoTests.release.xcconfig"; path = "Target Support Files/Pods-wowsinfo-wowsinfoTests/Pods-wowsinfo-wowsinfoTests.release.xcconfig"; sourceTree = "<group>"; };
		91C2EDCC608D13B394C6FB4E /* libPods-wowsinfo-debug.a */ = {isa = PBXFileReference; explicitFileType = archive.ar; includeInIndex = 0; path = "libPods-wowsinfo-debug.a"; sourceTree = BUILT_PRODUCTS_DIR; };
		9200E86F2A963881007605E1 /* objc.h */ = {isa = PBXFileReference; lastKnownFileType = sourcecode.c.h; path = objc.h; sourceTree = "<group>"; };
		92224B502A98D4560021F111 /* String+Extension.swift */ = {isa = PBXFileReference; lastKnownFileType = sourcecode.swift; path = "String+Extension.swift"; sourceTree = "<group>"; };
		92224B542A98D58B0021F111 /* SetupViewModel.swift */ = {isa = PBXFileReference; lastKnownFileType = sourcecode.swift; name = SetupViewModel.swift; path = wowsinfo/view/SetupViewModel.swift; sourceTree = SOURCE_ROOT; };
		92224B582A98DB600021F111 /* DefaultServerUsecase.swift */ = {isa = PBXFileReference; lastKnownFileType = sourcecode.swift; path = DefaultServerUsecase.swift; sourceTree = "<group>"; };
		92224B5C2A98DC540021F111 /* GameServer.swift */ = {isa = PBXFileReference; lastKnownFileType = sourcecode.swift; path = GameServer.swift; sourceTree = "<group>"; };
		9232578A2A98AF9C0053E5F6 /* Assets.xcassets */ = {isa = PBXFileReference; lastKnownFileType = folder.assetcatalog; path = Assets.xcassets; sourceTree = "<group>"; };
		923257CA2A98B0D00053E5F6 /* wowsinfo-debug.app */ = {isa = PBXFileReference; explicitFileType = wrapper.application; includeInIndex = 0; path = "wowsinfo-debug.app"; sourceTree = BUILT_PRODUCTS_DIR; };
		92553F252A987D49008EC8FC /* ReactNativeCaller.swift */ = {isa = PBXFileReference; lastKnownFileType = sourcecode.swift; path = ReactNativeCaller.swift; sourceTree = "<group>"; };
		92553F292A987D9F008EC8FC /* ReactNativeCaller.m */ = {isa = PBXFileReference; lastKnownFileType = sourcecode.c.objc; path = ReactNativeCaller.m; sourceTree = "<group>"; };
		92553F2F2A988158008EC8FC /* SetupView.swift */ = {isa = PBXFileReference; lastKnownFileType = sourcecode.swift; path = SetupView.swift; sourceTree = "<group>"; };
		92926A5F2A977EEF00191FEC /* Fontisto.ttf */ = {isa = PBXFileReference; lastKnownFileType = file; path = Fontisto.ttf; sourceTree = "<group>"; };
		92926A602A977EEF00191FEC /* Octicons.ttf */ = {isa = PBXFileReference; lastKnownFileType = file; path = Octicons.ttf; sourceTree = "<group>"; };
		92926A612A977EEF00191FEC /* Feather.ttf */ = {isa = PBXFileReference; lastKnownFileType = file; path = Feather.ttf; sourceTree = "<group>"; };
		92926A622A977EEF00191FEC /* Entypo.ttf */ = {isa = PBXFileReference; lastKnownFileType = file; path = Entypo.ttf; sourceTree = "<group>"; };
		92926A632A977EEF00191FEC /* FontAwesome5_Brands.ttf */ = {isa = PBXFileReference; lastKnownFileType = file; path = FontAwesome5_Brands.ttf; sourceTree = "<group>"; };
		92926A642A977EEF00191FEC /* MaterialCommunityIcons.ttf */ = {isa = PBXFileReference; lastKnownFileType = file; path = MaterialCommunityIcons.ttf; sourceTree = "<group>"; };
		92926A652A977EEF00191FEC /* AntDesign.ttf */ = {isa = PBXFileReference; lastKnownFileType = file; path = AntDesign.ttf; sourceTree = "<group>"; };
		92926A662A977EEF00191FEC /* Foundation.ttf */ = {isa = PBXFileReference; lastKnownFileType = file; path = Foundation.ttf; sourceTree = "<group>"; };
		92926A672A977EEF00191FEC /* Ionicons.ttf */ = {isa = PBXFileReference; lastKnownFileType = file; path = Ionicons.ttf; sourceTree = "<group>"; };
		92926A682A977EEF00191FEC /* FontAwesome5_Solid.ttf */ = {isa = PBXFileReference; lastKnownFileType = file; path = FontAwesome5_Solid.ttf; sourceTree = "<group>"; };
		92926A692A977EEF00191FEC /* FontAwesome5_Regular.ttf */ = {isa = PBXFileReference; lastKnownFileType = file; path = FontAwesome5_Regular.ttf; sourceTree = "<group>"; };
		92926A6A2A977EEF00191FEC /* FontAwesome.ttf */ = {isa = PBXFileReference; lastKnownFileType = file; path = FontAwesome.ttf; sourceTree = "<group>"; };
		92926A6B2A977EEF00191FEC /* Zocial.ttf */ = {isa = PBXFileReference; lastKnownFileType = file; path = Zocial.ttf; sourceTree = "<group>"; };
		92926A6C2A977EEF00191FEC /* EvilIcons.ttf */ = {isa = PBXFileReference; lastKnownFileType = file; path = EvilIcons.ttf; sourceTree = "<group>"; };
		92926A6D2A977EEF00191FEC /* SimpleLineIcons.ttf */ = {isa = PBXFileReference; lastKnownFileType = file; path = SimpleLineIcons.ttf; sourceTree = "<group>"; };
		92926A6E2A977EEF00191FEC /* MaterialIcons.ttf */ = {isa = PBXFileReference; lastKnownFileType = file; path = MaterialIcons.ttf; sourceTree = "<group>"; };
		92926A8F2A9786F200191FEC /* Localizable.xcstrings */ = {isa = PBXFileReference; lastKnownFileType = text.json.xcstrings; path = Localizable.xcstrings; sourceTree = "<group>"; };
		92A539B22A998AE500A3B71B /* WoWsInfoView.swift */ = {isa = PBXFileReference; lastKnownFileType = sourcecode.swift; path = WoWsInfoView.swift; sourceTree = "<group>"; };
		92C1CADD2A962A0400E07A7D /* Info.plist */ = {isa = PBXFileReference; lastKnownFileType = text.plist.xml; path = Info.plist; sourceTree = "<group>"; };
		92C72AE92A962F000056AD82 /* ReactNativeManager.m */ = {isa = PBXFileReference; fileEncoding = 4; lastKnownFileType = sourcecode.c.objc; path = ReactNativeManager.m; sourceTree = "<group>"; };
		92C72AEA2A962F000056AD82 /* ReactNativeManager.swift */ = {isa = PBXFileReference; fileEncoding = 4; lastKnownFileType = sourcecode.swift; path = ReactNativeManager.swift; sourceTree = "<group>"; };
		92C72AEC2A962F000056AD82 /* QuickActionManager.swift */ = {isa = PBXFileReference; fileEncoding = 4; lastKnownFileType = sourcecode.swift; path = QuickActionManager.swift; sourceTree = "<group>"; };
		92C72AED2A962F000056AD82 /* QuickActionEventEmitter.m */ = {isa = PBXFileReference; fileEncoding = 4; lastKnownFileType = sourcecode.c.objc; path = QuickActionEventEmitter.m; sourceTree = "<group>"; };
		92C72AEE2A962F000056AD82 /* QuickActionManager.m */ = {isa = PBXFileReference; fileEncoding = 4; lastKnownFileType = sourcecode.c.objc; path = QuickActionManager.m; sourceTree = "<group>"; };
		92C72AEF2A962F000056AD82 /* QuickActionEventEmitter.swift */ = {isa = PBXFileReference; fileEncoding = 4; lastKnownFileType = sourcecode.swift; path = QuickActionEventEmitter.swift; sourceTree = "<group>"; };
		92C72AFC2A962F5D0056AD82 /* AppDelegate.swift */ = {isa = PBXFileReference; lastKnownFileType = sourcecode.swift; path = AppDelegate.swift; sourceTree = "<group>"; };
		92C72AFF2A96306E0056AD82 /* RootViewController.swift */ = {isa = PBXFileReference; lastKnownFileType = sourcecode.swift; path = RootViewController.swift; sourceTree = "<group>"; };
		A45E42193C3FB61E81C20E9A /* Pods-wowsinfo-debug.debug.xcconfig */ = {isa = PBXFileReference; includeInIndex = 1; lastKnownFileType = text.xcconfig; name = "Pods-wowsinfo-debug.debug.xcconfig"; path = "Target Support Files/Pods-wowsinfo-debug/Pods-wowsinfo-debug.debug.xcconfig"; sourceTree = "<group>"; };
		B66C1C581B386FD45CBD0E97 /* Pods-wowsinfoTests.debug.xcconfig */ = {isa = PBXFileReference; includeInIndex = 1; lastKnownFileType = text.xcconfig; name = "Pods-wowsinfoTests.debug.xcconfig"; path = "Target Support Files/Pods-wowsinfoTests/Pods-wowsinfoTests.debug.xcconfig"; sourceTree = "<group>"; };
		CBE9FEE413D6D88203233985 /* libPods-wowsinfoTests.a */ = {isa = PBXFileReference; explicitFileType = archive.ar; includeInIndex = 0; path = "libPods-wowsinfoTests.a"; sourceTree = BUILT_PRODUCTS_DIR; };
		D2E2B1F66FB6C7096AAAD1F2 /* Pods-wowsinfoTests.release.xcconfig */ = {isa = PBXFileReference; includeInIndex = 1; lastKnownFileType = text.xcconfig; name = "Pods-wowsinfoTests.release.xcconfig"; path = "Target Support Files/Pods-wowsinfoTests/Pods-wowsinfoTests.release.xcconfig"; sourceTree = "<group>"; };
		E89AE616A3CD58B795671FE5 /* Pods-wowsinfo.release.xcconfig */ = {isa = PBXFileReference; includeInIndex = 1; lastKnownFileType = text.xcconfig; name = "Pods-wowsinfo.release.xcconfig"; path = "Target Support Files/Pods-wowsinfo/Pods-wowsinfo.release.xcconfig"; sourceTree = "<group>"; };
		ED297162215061F000B7C4FE /* JavaScriptCore.framework */ = {isa = PBXFileReference; lastKnownFileType = wrapper.framework; name = JavaScriptCore.framework; path = System/Library/Frameworks/JavaScriptCore.framework; sourceTree = SDKROOT; };
/* End PBXFileReference section */

/* Begin PBXFrameworksBuildPhase section */
		13B07F8C1A680F5B00A75B9A /* Frameworks */ = {
			isa = PBXFrameworksBuildPhase;
			buildActionMask = 2147483647;
			files = (
				0C80B921A6F3F58F76C31292 /* (null) in Frameworks */,
				D0A56DCDBCDD05C70CE37224 /* (null) in Frameworks */,
			);
			runOnlyForDeploymentPostprocessing = 0;
		};
		923257BD2A98B0D00053E5F6 /* Frameworks */ = {
			isa = PBXFrameworksBuildPhase;
			buildActionMask = 2147483647;
			files = (
				7BCAD8F72E8689ED09AA43DE /* libPods-wowsinfo-debug.a in Frameworks */,
			);
			runOnlyForDeploymentPostprocessing = 0;
		};
/* End PBXFrameworksBuildPhase section */

/* Begin PBXGroup section */
		13B07FAE1A68108700A75B9A /* wowsinfo */ = {
			isa = PBXGroup;
			children = (
				13B07FB61A68108700A75B9A /* Info.plist */,
				92224B4F2A98D42B0021F111 /* foundation */,
				92224B572A98DB3D0021F111 /* usecase */,
				92553F2E2A98811F008EC8FC /* view */,
				92224B5B2A98DC140021F111 /* model */,
				92C72AFC2A962F5D0056AD82 /* AppDelegate.swift */,
				92C72AFF2A96306E0056AD82 /* RootViewController.swift */,
				9200E8702A963C48007605E1 /* support */,
			);
			name = wowsinfo;
			path = "/Users/henryquan/Documents/GitHub/react-native-app/wowsinfo/ios/wowsinfo";
			sourceTree = "<absolute>";
		};
		2D16E6871FA4F8E400B85C8A /* Frameworks */ = {
			isa = PBXGroup;
			children = (
				ED297162215061F000B7C4FE /* JavaScriptCore.framework */,
				6D901F95CD4FCE7372A062B8 /* libPods-wowsinfotest.a */,
				CBE9FEE413D6D88203233985 /* libPods-wowsinfoTests.a */,
				91C2EDCC608D13B394C6FB4E /* libPods-wowsinfo-debug.a */,
			);
			name = Frameworks;
			sourceTree = "<group>";
		};
		832341AE1AAA6A7D00B99B32 /* Libraries */ = {
			isa = PBXGroup;
			children = (
			);
			name = Libraries;
			sourceTree = "<group>";
		};
		83CBB9F61A601CBA00E9B192 = {
			isa = PBXGroup;
			children = (
				13B07FAE1A68108700A75B9A /* wowsinfo */,
				923257852A98AF9B0053E5F6 /* wowsinfo-debug */,
				923257962A98AF9C0053E5F6 /* Testing */,
				832341AE1AAA6A7D00B99B32 /* Libraries */,
				83CBBA001A601CBA00E9B192 /* Products */,
				2D16E6871FA4F8E400B85C8A /* Frameworks */,
				BBD78D7AC51CEA395F1C20DB /* Pods */,
			);
			indentWidth = 4;
			sourceTree = "<group>";
			tabWidth = 2;
			usesTabs = 0;
		};
		83CBBA001A601CBA00E9B192 /* Products */ = {
			isa = PBXGroup;
			children = (
				13B07F961A680F5B00A75B9A /* wowsinfo.app */,
				923257CA2A98B0D00053E5F6 /* wowsinfo-debug.app */,
			);
			name = Products;
			sourceTree = "<group>";
		};
		9200E8702A963C48007605E1 /* support */ = {
			isa = PBXGroup;
			children = (
				81AB9BB72411601600AC10FF /* LaunchScreen.storyboard */,
				92926A8F2A9786F200191FEC /* Localizable.xcstrings */,
				9232578A2A98AF9C0053E5F6 /* Assets.xcassets */,
				9200E86F2A963881007605E1 /* objc.h */,
				92926A5E2A977EEF00191FEC /* Fonts */,
				92553F2D2A987E84008EC8FC /* json */,
			);
			path = support;
			sourceTree = "<group>";
		};
		92224B4F2A98D42B0021F111 /* foundation */ = {
			isa = PBXGroup;
			children = (
				92224B502A98D4560021F111 /* String+Extension.swift */,
			);
			path = foundation;
			sourceTree = "<group>";
		};
		92224B572A98DB3D0021F111 /* usecase */ = {
			isa = PBXGroup;
			children = (
				92C72AE82A962F000056AD82 /* react-native */,
				92224B582A98DB600021F111 /* DefaultServerUsecase.swift */,
			);
			path = usecase;
			sourceTree = "<group>";
		};
		92224B5B2A98DC140021F111 /* model */ = {
			isa = PBXGroup;
			children = (
				92224B5C2A98DC540021F111 /* GameServer.swift */,
			);
			path = model;
			sourceTree = "<group>";
		};
		923257852A98AF9B0053E5F6 /* wowsinfo-debug */ = {
			isa = PBXGroup;
			children = (
				92C1CADD2A962A0400E07A7D /* Info.plist */,
			);
			path = "wowsinfo-debug";
			sourceTree = "<group>";
		};
		923257962A98AF9C0053E5F6 /* Testing */ = {
			isa = PBXGroup;
			children = (
			);
			path = Testing;
			sourceTree = "<group>";
		};
		92553F2C2A987E0F008EC8FC /* caller */ = {
			isa = PBXGroup;
			children = (
				92553F292A987D9F008EC8FC /* ReactNativeCaller.m */,
				92553F252A987D49008EC8FC /* ReactNativeCaller.swift */,
			);
			path = caller;
			sourceTree = "<group>";
		};
		92553F2D2A987E84008EC8FC /* json */ = {
			isa = PBXGroup;
			children = (
			);
			path = json;
			sourceTree = "<group>";
		};
		92553F2E2A98811F008EC8FC /* view */ = {
			isa = PBXGroup;
			children = (
				92553F2F2A988158008EC8FC /* SetupView.swift */,
				92224B542A98D58B0021F111 /* SetupViewModel.swift */,
				92A539B22A998AE500A3B71B /* WoWsInfoView.swift */,
			);
			path = view;
			sourceTree = "<group>";
		};
		92926A5E2A977EEF00191FEC /* Fonts */ = {
			isa = PBXGroup;
			children = (
				92926A5F2A977EEF00191FEC /* Fontisto.ttf */,
				92926A602A977EEF00191FEC /* Octicons.ttf */,
				92926A612A977EEF00191FEC /* Feather.ttf */,
				92926A622A977EEF00191FEC /* Entypo.ttf */,
				92926A632A977EEF00191FEC /* FontAwesome5_Brands.ttf */,
				92926A642A977EEF00191FEC /* MaterialCommunityIcons.ttf */,
				92926A652A977EEF00191FEC /* AntDesign.ttf */,
				92926A662A977EEF00191FEC /* Foundation.ttf */,
				92926A672A977EEF00191FEC /* Ionicons.ttf */,
				92926A682A977EEF00191FEC /* FontAwesome5_Solid.ttf */,
				92926A692A977EEF00191FEC /* FontAwesome5_Regular.ttf */,
				92926A6A2A977EEF00191FEC /* FontAwesome.ttf */,
				92926A6B2A977EEF00191FEC /* Zocial.ttf */,
				92926A6C2A977EEF00191FEC /* EvilIcons.ttf */,
				92926A6D2A977EEF00191FEC /* SimpleLineIcons.ttf */,
				92926A6E2A977EEF00191FEC /* MaterialIcons.ttf */,
			);
			name = Fonts;
			path = "../../../node_modules/react-native-vector-icons/Fonts";
			sourceTree = "<group>";
		};
		92C72AE82A962F000056AD82 /* react-native */ = {
			isa = PBXGroup;
			children = (
				92553F2C2A987E0F008EC8FC /* caller */,
				92C72AEB2A962F000056AD82 /* quick-actions */,
				92C72AE92A962F000056AD82 /* ReactNativeManager.m */,
				92C72AEA2A962F000056AD82 /* ReactNativeManager.swift */,
			);
			path = "react-native";
			sourceTree = "<group>";
		};
		92C72AEB2A962F000056AD82 /* quick-actions */ = {
			isa = PBXGroup;
			children = (
				92C72AEE2A962F000056AD82 /* QuickActionManager.m */,
				92C72AEC2A962F000056AD82 /* QuickActionManager.swift */,
				92C72AED2A962F000056AD82 /* QuickActionEventEmitter.m */,
				92C72AEF2A962F000056AD82 /* QuickActionEventEmitter.swift */,
			);
			path = "quick-actions";
			sourceTree = "<group>";
		};
		BBD78D7AC51CEA395F1C20DB /* Pods */ = {
			isa = PBXGroup;
			children = (
				5B7EB9410499542E8C5724F5 /* Pods-wowsinfo-wowsinfoTests.debug.xcconfig */,
				89C6BE57DB24E9ADA2F236DE /* Pods-wowsinfo-wowsinfoTests.release.xcconfig */,
				388ADB2D89B17E2D670EC186 /* Pods-wowsinfo.debug.xcconfig */,
				E89AE616A3CD58B795671FE5 /* Pods-wowsinfo.release.xcconfig */,
				6309FA9D9A4BF4413A44EE3A /* Pods-wowsinfotest.debug.xcconfig */,
				808D29D51443D5B687BC971D /* Pods-wowsinfotest.release.xcconfig */,
				B66C1C581B386FD45CBD0E97 /* Pods-wowsinfoTests.debug.xcconfig */,
				D2E2B1F66FB6C7096AAAD1F2 /* Pods-wowsinfoTests.release.xcconfig */,
				A45E42193C3FB61E81C20E9A /* Pods-wowsinfo-debug.debug.xcconfig */,
				62BC9D4810E163F4D27CCDA2 /* Pods-wowsinfo-debug.release.xcconfig */,
			);
			path = Pods;
			sourceTree = "<group>";
		};
/* End PBXGroup section */

/* Begin PBXNativeTarget section */
		13B07F861A680F5B00A75B9A /* wowsinfo */ = {
			isa = PBXNativeTarget;
			buildConfigurationList = 13B07F931A680F5B00A75B9A /* Build configuration list for PBXNativeTarget "wowsinfo" */;
			buildPhases = (
				C38B50BA6285516D6DCD4F65 /* [CP] Check Pods Manifest.lock */,
				FD10A7F022414F080027D42C /* Start Packager */,
				13B07F871A680F5B00A75B9A /* Sources */,
				13B07F8C1A680F5B00A75B9A /* Frameworks */,
				13B07F8E1A680F5B00A75B9A /* Resources */,
				00DD1BFF1BD5951E006B06BC /* Bundle React Native code and images */,
				00EEFC60759A1932668264C0 /* [CP] Embed Pods Frameworks */,
				E235C05ADACE081382539298 /* [CP] Copy Pods Resources */,
			);
			buildRules = (
			);
			dependencies = (
			);
			name = wowsinfo;
			productName = wowsinfo;
			productReference = 13B07F961A680F5B00A75B9A /* wowsinfo.app */;
			productType = "com.apple.product-type.application";
		};
		923257AE2A98B0D00053E5F6 /* wowsinfo-debug */ = {
			isa = PBXNativeTarget;
			buildConfigurationList = 923257C72A98B0D00053E5F6 /* Build configuration list for PBXNativeTarget "wowsinfo-debug" */;
			buildPhases = (
				923257AF2A98B0D00053E5F6 /* [CP] Check Pods Manifest.lock */,
				923257B02A98B0D00053E5F6 /* Start Packager */,
				923257B12A98B0D00053E5F6 /* Sources */,
				923257BD2A98B0D00053E5F6 /* Frameworks */,
				923257C02A98B0D00053E5F6 /* Resources */,
				923257C42A98B0D00053E5F6 /* Bundle React Native code and images */,
				923257C52A98B0D00053E5F6 /* [CP] Embed Pods Frameworks */,
				923257C62A98B0D00053E5F6 /* [CP] Copy Pods Resources */,
			);
			buildRules = (
			);
			dependencies = (
			);
			name = "wowsinfo-debug";
			productName = wowsinfo;
			productReference = 923257CA2A98B0D00053E5F6 /* wowsinfo-debug.app */;
			productType = "com.apple.product-type.application";
		};
/* End PBXNativeTarget section */

/* Begin PBXProject section */
		83CBB9F71A601CBA00E9B192 /* Project object */ = {
			isa = PBXProject;
			attributes = {
				LastSwiftUpdateCheck = 1500;
				LastUpgradeCheck = 1210;
				TargetAttributes = {
					13B07F861A680F5B00A75B9A = {
						LastSwiftMigration = 1120;
					};
				};
			};
			buildConfigurationList = 83CBB9FA1A601CBA00E9B192 /* Build configuration list for PBXProject "wowsinfo" */;
			compatibilityVersion = "Xcode 12.0";
			developmentRegion = en;
			hasScannedForEncodings = 0;
			knownRegions = (
				en,
				Base,
				"zh-Hans",
				"zh-Hant",
				ja,
			);
			mainGroup = 83CBB9F61A601CBA00E9B192;
			productRefGroup = 83CBBA001A601CBA00E9B192 /* Products */;
			projectDirPath = "";
			projectRoot = "";
			targets = (
				13B07F861A680F5B00A75B9A /* wowsinfo */,
				923257AE2A98B0D00053E5F6 /* wowsinfo-debug */,
			);
		};
/* End PBXProject section */

/* Begin PBXResourcesBuildPhase section */
		13B07F8E1A680F5B00A75B9A /* Resources */ = {
			isa = PBXResourcesBuildPhase;
			buildActionMask = 2147483647;
			files = (
				81AB9BB82411601600AC10FF /* LaunchScreen.storyboard in Resources */,
				92224B4D2A98B5630021F111 /* Assets.xcassets in Resources */,
				92926A902A9786F200191FEC /* Localizable.xcstrings in Resources */,
			);
			runOnlyForDeploymentPostprocessing = 0;
		};
		923257C02A98B0D00053E5F6 /* Resources */ = {
			isa = PBXResourcesBuildPhase;
			buildActionMask = 2147483647;
			files = (
				923257C12A98B0D00053E5F6 /* LaunchScreen.storyboard in Resources */,
				92224B4E2A98B5630021F111 /* Assets.xcassets in Resources */,
				923257C32A98B0D00053E5F6 /* Localizable.xcstrings in Resources */,
			);
			runOnlyForDeploymentPostprocessing = 0;
		};
/* End PBXResourcesBuildPhase section */

/* Begin PBXShellScriptBuildPhase section */
		00DD1BFF1BD5951E006B06BC /* Bundle React Native code and images */ = {
			isa = PBXShellScriptBuildPhase;
			buildActionMask = 2147483647;
			files = (
			);
			inputPaths = (
				"$(SRCROOT)/.xcode.env.local",
				"$(SRCROOT)/.xcode.env",
			);
			name = "Bundle React Native code and images";
			outputPaths = (
			);
			runOnlyForDeploymentPostprocessing = 0;
			shellPath = /bin/sh;
			shellScript = "set -e\n\nWITH_ENVIRONMENT=\"../node_modules/react-native/scripts/xcode/with-environment.sh\"\nREACT_NATIVE_XCODE=\"../node_modules/react-native/scripts/react-native-xcode.sh\"\n\n/bin/sh -c \"$WITH_ENVIRONMENT $REACT_NATIVE_XCODE\"\n";
		};
		00EEFC60759A1932668264C0 /* [CP] Embed Pods Frameworks */ = {
			isa = PBXShellScriptBuildPhase;
			buildActionMask = 2147483647;
			files = (
			);
			inputFileListPaths = (
				"${PODS_ROOT}/Target Support Files/Pods-wowsinfo/Pods-wowsinfo-frameworks-${CONFIGURATION}-input-files.xcfilelist",
			);
			name = "[CP] Embed Pods Frameworks";
			outputFileListPaths = (
				"${PODS_ROOT}/Target Support Files/Pods-wowsinfo/Pods-wowsinfo-frameworks-${CONFIGURATION}-output-files.xcfilelist",
			);
			runOnlyForDeploymentPostprocessing = 0;
			shellPath = /bin/sh;
			shellScript = "\"${PODS_ROOT}/Target Support Files/Pods-wowsinfo/Pods-wowsinfo-frameworks.sh\"\n";
			showEnvVarsInLog = 0;
		};
		923257AF2A98B0D00053E5F6 /* [CP] Check Pods Manifest.lock */ = {
			isa = PBXShellScriptBuildPhase;
			buildActionMask = 2147483647;
			files = (
			);
			inputFileListPaths = (
			);
			inputPaths = (
				"${PODS_PODFILE_DIR_PATH}/Podfile.lock",
				"${PODS_ROOT}/Manifest.lock",
			);
			name = "[CP] Check Pods Manifest.lock";
			outputFileListPaths = (
			);
			outputPaths = (
				"$(DERIVED_FILE_DIR)/Pods-wowsinfo-debug-checkManifestLockResult.txt",
			);
			runOnlyForDeploymentPostprocessing = 0;
			shellPath = /bin/sh;
			shellScript = "diff \"${PODS_PODFILE_DIR_PATH}/Podfile.lock\" \"${PODS_ROOT}/Manifest.lock\" > /dev/null\nif [ $? != 0 ] ; then\n    # print error to STDERR\n    echo \"error: The sandbox is not in sync with the Podfile.lock. Run 'pod install' or update your CocoaPods installation.\" >&2\n    exit 1\nfi\n# This output is used by Xcode 'outputs' to avoid re-running this script phase.\necho \"SUCCESS\" > \"${SCRIPT_OUTPUT_FILE_0}\"\n";
			showEnvVarsInLog = 0;
		};
		923257B02A98B0D00053E5F6 /* Start Packager */ = {
			isa = PBXShellScriptBuildPhase;
			buildActionMask = 2147483647;
			files = (
			);
			inputFileListPaths = (
			);
			inputPaths = (
			);
			name = "Start Packager";
			outputFileListPaths = (
			);
			outputPaths = (
			);
			runOnlyForDeploymentPostprocessing = 0;
			shellPath = /bin/sh;
			shellScript = "export RCT_METRO_PORT=\"${RCT_METRO_PORT:=8081}\"\necho \"export RCT_METRO_PORT=${RCT_METRO_PORT}\" > \"${SRCROOT}/../node_modules/react-native/scripts/.packager.env\"\nif [ -z \"${RCT_NO_LAUNCH_PACKAGER+xxx}\" ] ; then\n  if nc -w 5 -z localhost ${RCT_METRO_PORT} ; then\n    if ! curl -s \"http://localhost:${RCT_METRO_PORT}/status\" | grep -q \"packager-status:running\" ; then\n      echo \"Port ${RCT_METRO_PORT} already in use, packager is either not running or not running correctly\"\n      exit 2\n    fi\n  else\n    open \"$SRCROOT/../node_modules/react-native/scripts/launchPackager.command\" || echo \"Can't start packager automatically\"\n  fi\nfi\n";
			showEnvVarsInLog = 0;
		};
		923257C42A98B0D00053E5F6 /* Bundle React Native code and images */ = {
			isa = PBXShellScriptBuildPhase;
			buildActionMask = 2147483647;
			files = (
			);
			inputPaths = (
				"$(SRCROOT)/.xcode.env.local",
				"$(SRCROOT)/.xcode.env",
			);
			name = "Bundle React Native code and images";
			outputPaths = (
			);
			runOnlyForDeploymentPostprocessing = 0;
			shellPath = /bin/sh;
			shellScript = "set -e\n\nWITH_ENVIRONMENT=\"../node_modules/react-native/scripts/xcode/with-environment.sh\"\nREACT_NATIVE_XCODE=\"../node_modules/react-native/scripts/react-native-xcode.sh\"\n\n/bin/sh -c \"$WITH_ENVIRONMENT $REACT_NATIVE_XCODE\"\n";
		};
		923257C52A98B0D00053E5F6 /* [CP] Embed Pods Frameworks */ = {
			isa = PBXShellScriptBuildPhase;
			buildActionMask = 2147483647;
			files = (
			);
			inputFileListPaths = (
				"${PODS_ROOT}/Target Support Files/Pods-wowsinfo-debug/Pods-wowsinfo-debug-frameworks-${CONFIGURATION}-input-files.xcfilelist",
			);
			name = "[CP] Embed Pods Frameworks";
			outputFileListPaths = (
				"${PODS_ROOT}/Target Support Files/Pods-wowsinfo-debug/Pods-wowsinfo-debug-frameworks-${CONFIGURATION}-output-files.xcfilelist",
			);
			runOnlyForDeploymentPostprocessing = 0;
			shellPath = /bin/sh;
			shellScript = "\"${PODS_ROOT}/Target Support Files/Pods-wowsinfo-debug/Pods-wowsinfo-debug-frameworks.sh\"\n";
			showEnvVarsInLog = 0;
		};
		923257C62A98B0D00053E5F6 /* [CP] Copy Pods Resources */ = {
			isa = PBXShellScriptBuildPhase;
			buildActionMask = 2147483647;
			files = (
			);
			inputFileListPaths = (
				"${PODS_ROOT}/Target Support Files/Pods-wowsinfo-debug/Pods-wowsinfo-debug-resources-${CONFIGURATION}-input-files.xcfilelist",
			);
			name = "[CP] Copy Pods Resources";
			outputFileListPaths = (
				"${PODS_ROOT}/Target Support Files/Pods-wowsinfo-debug/Pods-wowsinfo-debug-resources-${CONFIGURATION}-output-files.xcfilelist",
			);
			runOnlyForDeploymentPostprocessing = 0;
			shellPath = /bin/sh;
			shellScript = "\"${PODS_ROOT}/Target Support Files/Pods-wowsinfo-debug/Pods-wowsinfo-debug-resources.sh\"\n";
			showEnvVarsInLog = 0;
		};
		C38B50BA6285516D6DCD4F65 /* [CP] Check Pods Manifest.lock */ = {
			isa = PBXShellScriptBuildPhase;
			buildActionMask = 2147483647;
			files = (
			);
			inputFileListPaths = (
			);
			inputPaths = (
				"${PODS_PODFILE_DIR_PATH}/Podfile.lock",
				"${PODS_ROOT}/Manifest.lock",
			);
			name = "[CP] Check Pods Manifest.lock";
			outputFileListPaths = (
			);
			outputPaths = (
				"$(DERIVED_FILE_DIR)/Pods-wowsinfo-checkManifestLockResult.txt",
			);
			runOnlyForDeploymentPostprocessing = 0;
			shellPath = /bin/sh;
			shellScript = "diff \"${PODS_PODFILE_DIR_PATH}/Podfile.lock\" \"${PODS_ROOT}/Manifest.lock\" > /dev/null\nif [ $? != 0 ] ; then\n    # print error to STDERR\n    echo \"error: The sandbox is not in sync with the Podfile.lock. Run 'pod install' or update your CocoaPods installation.\" >&2\n    exit 1\nfi\n# This output is used by Xcode 'outputs' to avoid re-running this script phase.\necho \"SUCCESS\" > \"${SCRIPT_OUTPUT_FILE_0}\"\n";
			showEnvVarsInLog = 0;
		};
		E235C05ADACE081382539298 /* [CP] Copy Pods Resources */ = {
			isa = PBXShellScriptBuildPhase;
			buildActionMask = 2147483647;
			files = (
			);
			inputFileListPaths = (
				"${PODS_ROOT}/Target Support Files/Pods-wowsinfo/Pods-wowsinfo-resources-${CONFIGURATION}-input-files.xcfilelist",
			);
			name = "[CP] Copy Pods Resources";
			outputFileListPaths = (
				"${PODS_ROOT}/Target Support Files/Pods-wowsinfo/Pods-wowsinfo-resources-${CONFIGURATION}-output-files.xcfilelist",
			);
			runOnlyForDeploymentPostprocessing = 0;
			shellPath = /bin/sh;
			shellScript = "\"${PODS_ROOT}/Target Support Files/Pods-wowsinfo/Pods-wowsinfo-resources.sh\"\n";
			showEnvVarsInLog = 0;
		};
		FD10A7F022414F080027D42C /* Start Packager */ = {
			isa = PBXShellScriptBuildPhase;
			buildActionMask = 2147483647;
			files = (
			);
			inputFileListPaths = (
			);
			inputPaths = (
			);
			name = "Start Packager";
			outputFileListPaths = (
			);
			outputPaths = (
			);
			runOnlyForDeploymentPostprocessing = 0;
			shellPath = /bin/sh;
			shellScript = "export RCT_METRO_PORT=\"${RCT_METRO_PORT:=8081}\"\necho \"export RCT_METRO_PORT=${RCT_METRO_PORT}\" > \"${SRCROOT}/../node_modules/react-native/scripts/.packager.env\"\nif [ -z \"${RCT_NO_LAUNCH_PACKAGER+xxx}\" ] ; then\n  if nc -w 5 -z localhost ${RCT_METRO_PORT} ; then\n    if ! curl -s \"http://localhost:${RCT_METRO_PORT}/status\" | grep -q \"packager-status:running\" ; then\n      echo \"Port ${RCT_METRO_PORT} already in use, packager is either not running or not running correctly\"\n      exit 2\n    fi\n  else\n    open \"$SRCROOT/../node_modules/react-native/scripts/launchPackager.command\" || echo \"Can't start packager automatically\"\n  fi\nfi\n";
			showEnvVarsInLog = 0;
		};
/* End PBXShellScriptBuildPhase section */

/* Begin PBXSourcesBuildPhase section */
		13B07F871A680F5B00A75B9A /* Sources */ = {
			isa = PBXSourcesBuildPhase;
			buildActionMask = 2147483647;
			files = (
				92C72AF22A962F000056AD82 /* ReactNativeManager.swift in Sources */,
				92C72AF62A962F000056AD82 /* QuickActionEventEmitter.m in Sources */,
				92C72AF82A962F000056AD82 /* QuickActionManager.m in Sources */,
				92553F262A987D49008EC8FC /* ReactNativeCaller.swift in Sources */,
				92A539B32A998AE500A3B71B /* WoWsInfoView.swift in Sources */,
				92224B592A98DB600021F111 /* DefaultServerUsecase.swift in Sources */,
				92224B552A98D58B0021F111 /* SetupViewModel.swift in Sources */,
				92224B512A98D4560021F111 /* String+Extension.swift in Sources */,
				92553F302A988158008EC8FC /* SetupView.swift in Sources */,
				92C72AFD2A962F5D0056AD82 /* AppDelegate.swift in Sources */,
				92C72AF42A962F000056AD82 /* QuickActionManager.swift in Sources */,
				92224B5D2A98DC540021F111 /* GameServer.swift in Sources */,
				92C72B002A96306E0056AD82 /* RootViewController.swift in Sources */,
				92553F2A2A987D9F008EC8FC /* ReactNativeCaller.m in Sources */,
				92C72AF02A962F000056AD82 /* ReactNativeManager.m in Sources */,
				92C72AFA2A962F000056AD82 /* QuickActionEventEmitter.swift in Sources */,
			);
			runOnlyForDeploymentPostprocessing = 0;
		};
		923257B12A98B0D00053E5F6 /* Sources */ = {
			isa = PBXSourcesBuildPhase;
			buildActionMask = 2147483647;
			files = (
				923257B22A98B0D00053E5F6 /* ReactNativeManager.swift in Sources */,
				923257B32A98B0D00053E5F6 /* QuickActionEventEmitter.m in Sources */,
				923257B42A98B0D00053E5F6 /* QuickActionManager.m in Sources */,
				923257B52A98B0D00053E5F6 /* ReactNativeCaller.swift in Sources */,
				92A539B42A998AE500A3B71B /* WoWsInfoView.swift in Sources */,
				92224B5A2A98DB600021F111 /* DefaultServerUsecase.swift in Sources */,
				92224B562A98D58B0021F111 /* SetupViewModel.swift in Sources */,
				92224B522A98D4560021F111 /* String+Extension.swift in Sources */,
				923257B62A98B0D00053E5F6 /* SetupView.swift in Sources */,
				923257B72A98B0D00053E5F6 /* AppDelegate.swift in Sources */,
				923257B82A98B0D00053E5F6 /* QuickActionManager.swift in Sources */,
				92224B5E2A98DC540021F111 /* GameServer.swift in Sources */,
				923257B92A98B0D00053E5F6 /* RootViewController.swift in Sources */,
				923257BA2A98B0D00053E5F6 /* ReactNativeCaller.m in Sources */,
				923257BB2A98B0D00053E5F6 /* ReactNativeManager.m in Sources */,
				923257BC2A98B0D00053E5F6 /* QuickActionEventEmitter.swift in Sources */,
			);
			runOnlyForDeploymentPostprocessing = 0;
		};
/* End PBXSourcesBuildPhase section */

/* Begin XCBuildConfiguration section */
		13B07F941A680F5B00A75B9A /* Debug */ = {
			isa = XCBuildConfiguration;
			baseConfigurationReference = 388ADB2D89B17E2D670EC186 /* Pods-wowsinfo.debug.xcconfig */;
			buildSettings = {
				ASSETCATALOG_COMPILER_APPICON_NAME = AppIcon;
				CLANG_ENABLE_MODULES = YES;
				CURRENT_PROJECT_VERSION = 1;
				DEVELOPMENT_TEAM = 4YSG3SYMLE;
				INFOPLIST_FILE = wowsinfo/Info.plist;
				INFOPLIST_KEY_LSApplicationCategoryType = "public.app-category.reference";
				IPHONEOS_DEPLOYMENT_TARGET = 14.0;
				LD_RUNPATH_SEARCH_PATHS = (
					"$(inherited)",
					"@executable_path/Frameworks",
				);
				OTHER_LDFLAGS = (
					"$(inherited)",
					"-ObjC",
					"-lc++",
				);
				PRODUCT_BUNDLE_IDENTIFIER = com.yihengquan.wowsinfo;
				PRODUCT_NAME = wowsinfo;
				SUPPORTED_PLATFORMS = "iphoneos iphonesimulator";
				SUPPORTS_MACCATALYST = NO;
				SUPPORTS_MAC_DESIGNED_FOR_IPHONE_IPAD = NO;
				SUPPORTS_XR_DESIGNED_FOR_IPHONE_IPAD = NO;
				SWIFT_OBJC_BRIDGING_HEADER = wowsinfo/support/objc.h;
				SWIFT_OPTIMIZATION_LEVEL = "-Onone";
				SWIFT_VERSION = 5.0;
				TARGETED_DEVICE_FAMILY = "1,2";
				VERSIONING_SYSTEM = "apple-generic";
			};
			name = Debug;
		};
		13B07F951A680F5B00A75B9A /* Release */ = {
			isa = XCBuildConfiguration;
			baseConfigurationReference = E89AE616A3CD58B795671FE5 /* Pods-wowsinfo.release.xcconfig */;
			buildSettings = {
				ASSETCATALOG_COMPILER_APPICON_NAME = AppIcon;
				CLANG_ENABLE_MODULES = YES;
				CURRENT_PROJECT_VERSION = 1;
				DEVELOPMENT_TEAM = 4YSG3SYMLE;
				INFOPLIST_FILE = wowsinfo/Info.plist;
				INFOPLIST_KEY_LSApplicationCategoryType = "public.app-category.reference";
				IPHONEOS_DEPLOYMENT_TARGET = 14.0;
				LD_RUNPATH_SEARCH_PATHS = (
					"$(inherited)",
					"@executable_path/Frameworks",
				);
				OTHER_LDFLAGS = (
					"$(inherited)",
					"-ObjC",
					"-lc++",
				);
				PRODUCT_BUNDLE_IDENTIFIER = com.yihengquan.wowsinfo;
				PRODUCT_NAME = wowsinfo;
				SUPPORTED_PLATFORMS = "iphoneos iphonesimulator";
				SUPPORTS_MACCATALYST = NO;
				SUPPORTS_MAC_DESIGNED_FOR_IPHONE_IPAD = NO;
				SUPPORTS_XR_DESIGNED_FOR_IPHONE_IPAD = NO;
				SWIFT_OBJC_BRIDGING_HEADER = wowsinfo/support/objc.h;
				SWIFT_VERSION = 5.0;
				TARGETED_DEVICE_FAMILY = "1,2";
				VERSIONING_SYSTEM = "apple-generic";
			};
			name = Release;
		};
		83CBBA201A601CBA00E9B192 /* Debug */ = {
			isa = XCBuildConfiguration;
			buildSettings = {
				ALWAYS_SEARCH_USER_PATHS = NO;
				CLANG_ANALYZER_LOCALIZABILITY_NONLOCALIZED = YES;
				CLANG_CXX_LANGUAGE_STANDARD = "c++17";
				CLANG_CXX_LIBRARY = "libc++";
				CLANG_ENABLE_MODULES = YES;
				CLANG_ENABLE_OBJC_ARC = YES;
				CLANG_WARN_BLOCK_CAPTURE_AUTORELEASING = YES;
				CLANG_WARN_BOOL_CONVERSION = YES;
				CLANG_WARN_COMMA = YES;
				CLANG_WARN_CONSTANT_CONVERSION = YES;
				CLANG_WARN_DEPRECATED_OBJC_IMPLEMENTATIONS = YES;
				CLANG_WARN_DIRECT_OBJC_ISA_USAGE = YES_ERROR;
				CLANG_WARN_EMPTY_BODY = YES;
				CLANG_WARN_ENUM_CONVERSION = YES;
				CLANG_WARN_INFINITE_RECURSION = YES;
				CLANG_WARN_INT_CONVERSION = YES;
				CLANG_WARN_NON_LITERAL_NULL_CONVERSION = YES;
				CLANG_WARN_OBJC_IMPLICIT_RETAIN_SELF = YES;
				CLANG_WARN_OBJC_LITERAL_CONVERSION = YES;
				CLANG_WARN_OBJC_ROOT_CLASS = YES_ERROR;
				CLANG_WARN_QUOTED_INCLUDE_IN_FRAMEWORK_HEADER = YES;
				CLANG_WARN_RANGE_LOOP_ANALYSIS = YES;
				CLANG_WARN_STRICT_PROTOTYPES = YES;
				CLANG_WARN_SUSPICIOUS_MOVE = YES;
				CLANG_WARN_UNREACHABLE_CODE = YES;
				CLANG_WARN__DUPLICATE_METHOD_MATCH = YES;
				"CODE_SIGN_IDENTITY[sdk=iphoneos*]" = "iPhone Developer";
				COPY_PHASE_STRIP = NO;
				CURRENT_PROJECT_VERSION = "";
				ENABLE_STRICT_OBJC_MSGSEND = YES;
				ENABLE_TESTABILITY = YES;
				"EXCLUDED_ARCHS[sdk=iphonesimulator*]" = i386;
				GCC_C_LANGUAGE_STANDARD = gnu99;
				GCC_DYNAMIC_NO_PIC = NO;
				GCC_NO_COMMON_BLOCKS = YES;
				GCC_OPTIMIZATION_LEVEL = 0;
				GCC_PREPROCESSOR_DEFINITIONS = (
					"DEBUG=1",
					"$(inherited)",
				);
				GCC_SYMBOLS_PRIVATE_EXTERN = NO;
				GCC_WARN_64_TO_32_BIT_CONVERSION = YES;
				GCC_WARN_ABOUT_RETURN_TYPE = YES_ERROR;
				GCC_WARN_UNDECLARED_SELECTOR = YES;
				GCC_WARN_UNINITIALIZED_AUTOS = YES_AGGRESSIVE;
				GCC_WARN_UNUSED_FUNCTION = YES;
				GCC_WARN_UNUSED_VARIABLE = YES;
				IPHONEOS_DEPLOYMENT_TARGET = 14.0;
				LD_RUNPATH_SEARCH_PATHS = (
					/usr/lib/swift,
					"$(inherited)",
				);
				LIBRARY_SEARCH_PATHS = (
					"\"$(SDKROOT)/usr/lib/swift\"",
					"\"$(TOOLCHAIN_DIR)/usr/lib/swift/$(PLATFORM_NAME)\"",
					"\"$(inherited)\"",
				);
				MARKETING_VERSION = 1.7.0;
				MTL_ENABLE_DEBUG_INFO = YES;
				ONLY_ACTIVE_ARCH = YES;
				OTHER_CFLAGS = "$(inherited)";
				OTHER_CPLUSPLUSFLAGS = (
					"$(OTHER_CFLAGS)",
					"-DFOLLY_NO_CONFIG",
					"-DFOLLY_MOBILE=1",
					"-DFOLLY_USE_LIBCPP=1",
				);
				REACT_NATIVE_PATH = "${PODS_ROOT}/../../node_modules/react-native";
				SDKROOT = iphoneos;
				SWIFT_VERSION = 5.0;
			};
			name = Debug;
		};
		83CBBA211A601CBA00E9B192 /* Release */ = {
			isa = XCBuildConfiguration;
			buildSettings = {
				ALWAYS_SEARCH_USER_PATHS = NO;
				CLANG_ANALYZER_LOCALIZABILITY_NONLOCALIZED = YES;
				CLANG_CXX_LANGUAGE_STANDARD = "c++17";
				CLANG_CXX_LIBRARY = "libc++";
				CLANG_ENABLE_MODULES = YES;
				CLANG_ENABLE_OBJC_ARC = YES;
				CLANG_WARN_BLOCK_CAPTURE_AUTORELEASING = YES;
				CLANG_WARN_BOOL_CONVERSION = YES;
				CLANG_WARN_COMMA = YES;
				CLANG_WARN_CONSTANT_CONVERSION = YES;
				CLANG_WARN_DEPRECATED_OBJC_IMPLEMENTATIONS = YES;
				CLANG_WARN_DIRECT_OBJC_ISA_USAGE = YES_ERROR;
				CLANG_WARN_EMPTY_BODY = YES;
				CLANG_WARN_ENUM_CONVERSION = YES;
				CLANG_WARN_INFINITE_RECURSION = YES;
				CLANG_WARN_INT_CONVERSION = YES;
				CLANG_WARN_NON_LITERAL_NULL_CONVERSION = YES;
				CLANG_WARN_OBJC_IMPLICIT_RETAIN_SELF = YES;
				CLANG_WARN_OBJC_LITERAL_CONVERSION = YES;
				CLANG_WARN_OBJC_ROOT_CLASS = YES_ERROR;
				CLANG_WARN_QUOTED_INCLUDE_IN_FRAMEWORK_HEADER = YES;
				CLANG_WARN_RANGE_LOOP_ANALYSIS = YES;
				CLANG_WARN_STRICT_PROTOTYPES = YES;
				CLANG_WARN_SUSPICIOUS_MOVE = YES;
				CLANG_WARN_UNREACHABLE_CODE = YES;
				CLANG_WARN__DUPLICATE_METHOD_MATCH = YES;
				"CODE_SIGN_IDENTITY[sdk=iphoneos*]" = "iPhone Developer";
				COPY_PHASE_STRIP = YES;
				CURRENT_PROJECT_VERSION = "";
				ENABLE_NS_ASSERTIONS = NO;
				ENABLE_STRICT_OBJC_MSGSEND = YES;
				"EXCLUDED_ARCHS[sdk=iphonesimulator*]" = i386;
				GCC_C_LANGUAGE_STANDARD = gnu99;
				GCC_NO_COMMON_BLOCKS = YES;
				GCC_WARN_64_TO_32_BIT_CONVERSION = YES;
				GCC_WARN_ABOUT_RETURN_TYPE = YES_ERROR;
				GCC_WARN_UNDECLARED_SELECTOR = YES;
				GCC_WARN_UNINITIALIZED_AUTOS = YES_AGGRESSIVE;
				GCC_WARN_UNUSED_FUNCTION = YES;
				GCC_WARN_UNUSED_VARIABLE = YES;
				IPHONEOS_DEPLOYMENT_TARGET = 14.0;
				LD_RUNPATH_SEARCH_PATHS = (
					/usr/lib/swift,
					"$(inherited)",
				);
				LIBRARY_SEARCH_PATHS = (
					"\"$(SDKROOT)/usr/lib/swift\"",
					"\"$(TOOLCHAIN_DIR)/usr/lib/swift/$(PLATFORM_NAME)\"",
					"\"$(inherited)\"",
				);
				MARKETING_VERSION = 1.7.0;
				MTL_ENABLE_DEBUG_INFO = NO;
				OTHER_CFLAGS = "$(inherited)";
				OTHER_CPLUSPLUSFLAGS = (
					"$(OTHER_CFLAGS)",
					"-DFOLLY_NO_CONFIG",
					"-DFOLLY_MOBILE=1",
					"-DFOLLY_USE_LIBCPP=1",
				);
				REACT_NATIVE_PATH = "${PODS_ROOT}/../../node_modules/react-native";
				SDKROOT = iphoneos;
				SWIFT_VERSION = 5.0;
				VALIDATE_PRODUCT = YES;
			};
			name = Release;
		};
		923257C82A98B0D00053E5F6 /* Debug */ = {
			isa = XCBuildConfiguration;
			baseConfigurationReference = A45E42193C3FB61E81C20E9A /* Pods-wowsinfo-debug.debug.xcconfig */;
			buildSettings = {
				ASSETCATALOG_COMPILER_APPICON_NAME = AppIcon;
				CLANG_ENABLE_MODULES = YES;
				CURRENT_PROJECT_VERSION = 1;
				DEVELOPMENT_TEAM = 4YSG3SYMLE;
				INFOPLIST_FILE = "wowsinfo-debug/Info.plist";
				INFOPLIST_KEY_LSApplicationCategoryType = "public.app-category.reference";
				IPHONEOS_DEPLOYMENT_TARGET = 14.0;
				LD_RUNPATH_SEARCH_PATHS = (
					"$(inherited)",
					"@executable_path/Frameworks",
				);
				OTHER_LDFLAGS = (
					"$(inherited)",
					"-ObjC",
					"-lc++",
				);
				OTHER_SWIFT_FLAGS = "$(inherited) -D COCOAPODS -Xcc -fmodule-map-file=\"${PODS_CONFIGURATION_BUILD_DIR}/Charts/Charts.modulemap\" -Xcc -fmodule-map-file=\"${PODS_CONFIGURATION_BUILD_DIR}/NativeChart/NativeChart.modulemap\" -Xcc -fmodule-map-file=\"${PODS_CONFIGURATION_BUILD_DIR}/SwiftAlgorithms/Algorithms.modulemap\" -Xcc -fmodule-map-file=\"${PODS_CONFIGURATION_BUILD_DIR}/YogaKit/YogaKit.modulemap\" -Xcc -fmodule-map-file=\"${PODS_ROOT}/Headers/Public/FlipperKit/FlipperKit.modulemap\" -Xcc -fmodule-map-file=\"${PODS_ROOT}/Headers/Public/RCTTypeSafety/RCTTypeSafety.modulemap\" -Xcc -fmodule-map-file=\"${PODS_ROOT}/Headers/Public/React/React-Core.modulemap\" -Xcc -fmodule-map-file=\"${PODS_ROOT}/Headers/Public/ReactCommon/ReactCommon.modulemap\" -Xcc -fmodule-map-file=\"${PODS_ROOT}/Headers/Public/React_Codegen/React-Codegen.modulemap\" -Xcc -fmodule-map-file=\"${PODS_ROOT}/Headers/Public/React_NativeModulesApple/React-NativeModulesApple.modulemap\" -Xcc -fmodule-map-file=\"${PODS_ROOT}/Headers/Public/folly/RCT-Folly.modulemap\" -Xcc -fmodule-map-file=\"${PODS_ROOT}/Headers/Public/yoga/Yoga.modulemap\" -Xcc -DFB_SONARKIT_ENABLED=1 -DDEBUG";
				PRODUCT_BUNDLE_IDENTIFIER = "com.yihengquan.wowsinfo-debug";
				PRODUCT_NAME = "$(TARGET_NAME)";
				SUPPORTED_PLATFORMS = "iphoneos iphonesimulator";
				SUPPORTS_MACCATALYST = NO;
				SUPPORTS_MAC_DESIGNED_FOR_IPHONE_IPAD = NO;
				SUPPORTS_XR_DESIGNED_FOR_IPHONE_IPAD = NO;
				SWIFT_OBJC_BRIDGING_HEADER = wowsinfo/support/objc.h;
				SWIFT_OPTIMIZATION_LEVEL = "-Onone";
				SWIFT_VERSION = 5.0;
				TARGETED_DEVICE_FAMILY = "1,2";
				VERSIONING_SYSTEM = "apple-generic";
			};
			name = Debug;
		};
		923257C92A98B0D00053E5F6 /* Release */ = {
			isa = XCBuildConfiguration;
			baseConfigurationReference = 62BC9D4810E163F4D27CCDA2 /* Pods-wowsinfo-debug.release.xcconfig */;
			buildSettings = {
				ASSETCATALOG_COMPILER_APPICON_NAME = AppIcon;
				CLANG_ENABLE_MODULES = YES;
				CURRENT_PROJECT_VERSION = 1;
				DEVELOPMENT_TEAM = 4YSG3SYMLE;
				INFOPLIST_FILE = "wowsinfo-debug/Info.plist";
				INFOPLIST_KEY_LSApplicationCategoryType = "public.app-category.reference";
				IPHONEOS_DEPLOYMENT_TARGET = 14.0;
				LD_RUNPATH_SEARCH_PATHS = (
					"$(inherited)",
					"@executable_path/Frameworks",
				);
				OTHER_LDFLAGS = (
					"$(inherited)",
					"-ObjC",
					"-lc++",
				);
				PRODUCT_BUNDLE_IDENTIFIER = "com.yihengquan.wowsinfo-debug";
				PRODUCT_NAME = "$(TARGET_NAME)";
				SUPPORTED_PLATFORMS = "iphoneos iphonesimulator";
				SUPPORTS_MACCATALYST = NO;
				SUPPORTS_MAC_DESIGNED_FOR_IPHONE_IPAD = NO;
				SUPPORTS_XR_DESIGNED_FOR_IPHONE_IPAD = NO;
				SWIFT_OBJC_BRIDGING_HEADER = wowsinfo/support/objc.h;
				SWIFT_VERSION = 5.0;
				TARGETED_DEVICE_FAMILY = "1,2";
				VERSIONING_SYSTEM = "apple-generic";
			};
			name = Release;
		};
/* End XCBuildConfiguration section */

/* Begin XCConfigurationList section */
		13B07F931A680F5B00A75B9A /* Build configuration list for PBXNativeTarget "wowsinfo" */ = {
			isa = XCConfigurationList;
			buildConfigurations = (
				13B07F941A680F5B00A75B9A /* Debug */,
				13B07F951A680F5B00A75B9A /* Release */,
			);
			defaultConfigurationIsVisible = 0;
			defaultConfigurationName = Release;
		};
		83CBB9FA1A601CBA00E9B192 /* Build configuration list for PBXProject "wowsinfo" */ = {
			isa = XCConfigurationList;
			buildConfigurations = (
				83CBBA201A601CBA00E9B192 /* Debug */,
				83CBBA211A601CBA00E9B192 /* Release */,
			);
			defaultConfigurationIsVisible = 0;
			defaultConfigurationName = Release;
		};
		923257C72A98B0D00053E5F6 /* Build configuration list for PBXNativeTarget "wowsinfo-debug" */ = {
			isa = XCConfigurationList;
			buildConfigurations = (
				923257C82A98B0D00053E5F6 /* Debug */,
				923257C92A98B0D00053E5F6 /* Release */,
			);
			defaultConfigurationIsVisible = 0;
			defaultConfigurationName = Release;
		};
/* End XCConfigurationList section */
	};
	rootObject = 83CBB9F71A601CBA00E9B192 /* Project object */;
}
